{
  "requires": true,
  "lockfileVersion": 1,
  "dependencies": {
    "2kenizer": {
      "version": "0.1.6",
      "resolved": "http://registry.npm.taobao.org/2kenizer/download/2kenizer-0.1.6.tgz",
      "integrity": "sha1-pMxSY4lK7eyZVJOvdzX4eHL2s5A="
    },
    "php": {
      "version": "0.0.1",
      "resolved": "http://registry.npm.taobao.org/php/download/php-0.0.1.tgz",
      "integrity": "sha1-34jsnHrdkUaxV43RjrMPuSnLwsw=",
      "requires": {
        "2kenizer": "0.1.6",
        "sjs": "0.0.3"
      }
    },
    "sjs": {
      "version": "0.0.3",
      "resolved": "http://registry.npm.taobao.org/sjs/download/sjs-0.0.3.tgz",
      "integrity": "sha1-OMsQHPvle39qrucAYtW1n4+bAnM=",
      "requires": {
        "2kenizer": "0.1.6"
      }
    }
  }
}
